<?xml version="1.0" encoding="utf-8"?>
<Project ToolsVersion="4.0" xmlns="http://schemas.microsoft.com/developer/msbuild/2003">
  <ItemGroup>
    <Filter Include="Source Files">
      <UniqueIdentifier>{4FC737F1-C7A5-4376-A066-2A32D752A2FF}</UniqueIdentifier>
      <Extensions>cpp;c;cc;cxx;def;odl;idl;hpj;bat;asm;asmx</Extensions>
    </Filter>
    <Filter Include="Header Files">
      <UniqueIdentifier>{93995380-89BD-4b04-88EB-625FBE52EBFB}</UniqueIdentifier>
      <Extensions>h;hh;hpp;hxx;hm;inl;inc;xsd</Extensions>
    </Filter>
    <Filter Include="Resource Files">
      <UniqueIdentifier>{67DA6AB6-F800-4c08-8B7A-83BB121AAD01}</UniqueIdentifier>
      <Extensions>rc;ico;cur;bmp;dlg;rc2;rct;bin;rgs;gif;jpg;jpeg;jpe;resx;tiff;tif;png;wav;mfcribbon-ms</Extensions>
    </Filter>
    <Filter Include="Shaders">
      <UniqueIdentifier>{8b6c92a8-f65d-451e-80e3-d65773602b92}</UniqueIdentifier>
    </Filter>
    <Filter Include="Resources">
      <UniqueIdentifier>{f4e58ad7-7926-47c5-ae22-39995996da02}</UniqueIdentifier>
    </Filter>
    <Filter Include="Resources\Fonts">
      <UniqueIdentifier>{992ed572-e98f-4962-a79a-d9c3f5aef14e}</UniqueIdentifier>
    </Filter>
    <Filter Include="Resources\Sprites">
      <UniqueIdentifier>{f8247a3a-7cfe-4a05-b8f4-37d1f60def9e}</UniqueIdentifier>
    </Filter>
    <Filter Include="Resources\Music">
      <UniqueIdentifier>{1eebba43-8bc8-4eb5-9bc9-d93d249b3bcf}</UniqueIdentifier>
    </Filter>
    <Filter Include="Resources\SFX">
      <UniqueIdentifier>{52b818c4-5202-4e29-a691-fb703956effc}</UniqueIdentifier>
    </Filter>
  </ItemGroup>
  <ItemGroup>
    <ClInclude Include="ChiliWin.h">
      <Filter>Header Files</Filter>
    </ClInclude>
    <ClInclude Include="Colors.h">
      <Filter>Header Files</Filter>
    </ClInclude>
    <ClInclude Include="DXErr.h">
      <Filter>Header Files</Filter>
    </ClInclude>
    <ClInclude Include="Game.h">
      <Filter>Header Files</Filter>
    </ClInclude>
    <ClInclude Include="Graphics.h">
      <Filter>Header Files</Filter>
    </ClInclude>
    <ClInclude Include="Keyboard.h">
      <Filter>Header Files</Filter>
    </ClInclude>
    <ClInclude Include="MainWindow.h">
      <Filter>Header Files</Filter>
    </ClInclude>
    <ClInclude Include="Mouse.h">
      <Filter>Header Files</Filter>
    </ClInclude>
    <ClInclude Include="ChiliException.h">
      <Filter>Header Files</Filter>
    </ClInclude>
    <ClInclude Include="Resource.h">
      <Filter>Header Files</Filter>
    </ClInclude>
    <ClInclude Include="Sound.h">
      <Filter>Header Files</Filter>
    </ClInclude>
    <ClInclude Include="SoundEffect.h">
      <Filter>Header Files</Filter>
    </ClInclude>
    <ClInclude Include="COMInitializer.h">
      <Filter>Header Files</Filter>
    </ClInclude>
    <ClInclude Include="Beveler.h">
      <Filter>Header Files</Filter>
    </ClInclude>
    <ClInclude Include="Rect.h">
      <Filter>Header Files</Filter>
    </ClInclude>
    <ClInclude Include="Vec2.h">
      <Filter>Header Files</Filter>
    </ClInclude>
    <ClInclude Include="Surface.h">
      <Filter>Header Files</Filter>
    </ClInclude>
    <ClInclude Include="Board.h">
      <Filter>Header Files</Filter>
    </ClInclude>
    <ClInclude Include="Piece.h">
      <Filter>Header Files</Filter>
    </ClInclude>
    <ClInclude Include="FrameTimer.h">
      <Filter>Header Files</Filter>
    </ClInclude>
    <ClInclude Include="Font.h">
      <Filter>Header Files</Filter>
    </ClInclude>
    <ClInclude Include="SpriteEffect.h">
      <Filter>Header Files</Filter>
    </ClInclude>
    <ClInclude Include="TextManager.h">
      <Filter>Header Files</Filter>
    </ClInclude>
    <ClInclude Include="Border.h">
      <Filter>Header Files</Filter>
    </ClInclude>
    <ClInclude Include="Item.h">
      <Filter>Header Files</Filter>
    </ClInclude>
    <ClInclude Include="Score.h">
      <Filter>Header Files</Filter>
    </ClInclude>
    <ClInclude Include="Menu.h">
      <Filter>Header Files</Filter>
    </ClInclude>
    <ClInclude Include="Controller.h">
      <Filter>Header Files</Filter>
    </ClInclude>
  </ItemGroup>
  <ItemGroup>
    <ClCompile Include="DXErr.cpp">
      <Filter>Source Files</Filter>
    </ClCompile>
    <ClCompile Include="Game.cpp">
      <Filter>Source Files</Filter>
    </ClCompile>
    <ClCompile Include="Graphics.cpp">
      <Filter>Source Files</Filter>
    </ClCompile>
    <ClCompile Include="Keyboard.cpp">
      <Filter>Source Files</Filter>
    </ClCompile>
    <ClCompile Include="Main.cpp">
      <Filter>Source Files</Filter>
    </ClCompile>
    <ClCompile Include="MainWindow.cpp">
      <Filter>Source Files</Filter>
    </ClCompile>
    <ClCompile Include="Mouse.cpp">
      <Filter>Source Files</Filter>
    </ClCompile>
    <ClCompile Include="Sound.cpp">
      <Filter>Source Files</Filter>
    </ClCompile>
    <ClCompile Include="COMInitializer.cpp">
      <Filter>Source Files</Filter>
    </ClCompile>
    <ClCompile Include="Beveler.cpp">
      <Filter>Source Files</Filter>
    </ClCompile>
    <ClCompile Include="Surface.cpp">
      <Filter>Source Files</Filter>
    </ClCompile>
    <ClCompile Include="Board.cpp">
      <Filter>Source Files</Filter>
    </ClCompile>
    <ClCompile Include="Piece.cpp">
      <Filter>Source Files</Filter>
    </ClCompile>
    <ClCompile Include="FrameTimer.cpp">
      <Filter>Source Files</Filter>
    </ClCompile>
    <ClCompile Include="Font.cpp">
      <Filter>Source Files</Filter>
    </ClCompile>
    <ClCompile Include="TextManager.cpp">
      <Filter>Source Files</Filter>
    </ClCompile>
    <ClCompile Include="Border.cpp">
      <Filter>Source Files</Filter>
    </ClCompile>
    <ClCompile Include="SurfaceOD.cpp">
      <Filter>Source Files</Filter>
    </ClCompile>
    <ClCompile Include="GraphicsOD.cpp">
      <Filter>Source Files</Filter>
    </ClCompile>
    <ClCompile Include="Item.cpp">
      <Filter>Source Files</Filter>
    </ClCompile>
    <ClCompile Include="Score.cpp">
      <Filter>Source Files</Filter>
    </ClCompile>
    <ClCompile Include="Menu.cpp">
      <Filter>Source Files</Filter>
    </ClCompile>
    <ClCompile Include="Controller.cpp">
      <Filter>Source Files</Filter>
    </ClCompile>
  </ItemGroup>
  <ItemGroup>
    <FxCompile Include="FramebufferPS.hlsl">
      <Filter>Shaders</Filter>
    </FxCompile>
    <FxCompile Include="FramebufferVS.hlsl">
      <Filter>Shaders</Filter>
    </FxCompile>
  </ItemGroup>
  <ItemGroup>
    <ResourceCompile Include="Resource.rc">
      <Filter>Resource Files</Filter>
    </ResourceCompile>
  </ItemGroup>
  <ItemGroup>
    <Image Include="Sprites\mct.ico">
      <Filter>Resource Files</Filter>
    </Image>
    <Image Include="Fonts\Consolas27x50.bmp">
      <Filter>Resources\Fonts</Filter>
    </Image>
    <Image Include="Fonts\ConsolasBold11x21.bmp">
      <Filter>Resources\Fonts</Filter>
    </Image>
    <Image Include="Fonts\ConsolasBold27x50.bmp">
      <Filter>Resources\Fonts</Filter>
    </Image>
    <Image Include="Fonts\Consolas11x21.bmp">
      <Filter>Resources\Fonts</Filter>
    </Image>
    <Image Include="Fonts\ConsolasBold43x77.bmp">
      <Filter>Resources\Fonts</Filter>
    </Image>
    <Image Include="Sprites\preview2.bmp">
      <Filter>Resources\Sprites</Filter>
    </Image>
    <Image Include="Sprites\preview3.bmp">
      <Filter>Resources\Sprites</Filter>
    </Image>
    <Image Include="Sprites\preview4.bmp">
      <Filter>Resources\Sprites</Filter>
    </Image>
    <Image Include="Sprites\preview5.bmp">
      <Filter>Resources\Sprites</Filter>
    </Image>
    <Image Include="Sprites\preview6.bmp">
      <Filter>Resources\Sprites</Filter>
    </Image>
    <Image Include="Sprites\preview0.bmp">
      <Filter>Resources\Sprites</Filter>
    </Image>
    <Image Include="Sprites\preview1.bmp">
      <Filter>Resources\Sprites</Filter>
    </Image>
    <Image Include="Sprites\bg.bmp">
      <Filter>Resources\Sprites</Filter>
    </Image>
    <Image Include="Sprites\tnt.bmp">
      <Filter>Resources\Sprites</Filter>
    </Image>
    <Image Include="Sprites\itempage.bmp">
      <Filter>Resources\Sprites</Filter>
    </Image>
    <Image Include="Sprites\pickaxe.bmp">
      <Filter>Resources\Sprites</Filter>
    </Image>
    <Image Include="Sprites\potion.bmp">
      <Filter>Resources\Sprites</Filter>
    </Image>
    <Image Include="Sprites\sand.bmp">
      <Filter>Resources\Sprites</Filter>
    </Image>
    <Image Include="Sprites\star.bmp">
      <Filter>Resources\Sprites</Filter>
    </Image>
    <Image Include="Sprites\title.bmp">
      <Filter>Resources\Sprites</Filter>
    </Image>
    <Image Include="Sprites\controlpage.bmp">
      <Filter>Resources\Sprites</Filter>
    </Image>
  </ItemGroup>
  <ItemGroup>
    <Media Include="Music\play3.wav">
      <Filter>Resources\Music</Filter>
    </Media>
    <Media Include="Music\play4.wav">
      <Filter>Resources\Music</Filter>
    </Media>
    <Media Include="Music\play5.wav">
      <Filter>Resources\Music</Filter>
    </Media>
    <Media Include="Music\play6.wav">
      <Filter>Resources\Music</Filter>
    </Media>
    <Media Include="Music\play7.wav">
      <Filter>Resources\Music</Filter>
    </Media>
    <Media Include="Music\play8.wav">
      <Filter>Resources\Music</Filter>
    </Media>
    <Media Include="Music\play9.wav">
      <Filter>Resources\Music</Filter>
    </Media>
    <Media Include="Music\play0.wav">
      <Filter>Resources\Music</Filter>
    </Media>
    <Media Include="Music\play1.wav">
      <Filter>Resources\Music</Filter>
    </Media>
    <Media Include="Music\play2.wav">
      <Filter>Resources\Music</Filter>
    </Media>
    <Media Include="Music\play11.wav">
      <Filter>Resources\Music</Filter>
    </Media>
    <Media Include="Music\play12.wav">
      <Filter>Resources\Music</Filter>
    </Media>
    <Media Include="Music\title.wav">
      <Filter>Resources\Music</Filter>
    </Media>
    <Media Include="Music\victory.wav">
      <Filter>Resources\Music</Filter>
    </Media>
    <Media Include="Music\play10.wav">
      <Filter>Resources\Music</Filter>
    </Media>
    <Media Include="SFX\explosion.wav">
      <Filter>Resources\SFX</Filter>
    </Media>
    <Media Include="SFX\potion.wav">
      <Filter>Resources\SFX</Filter>
    </Media>
    <Media Include="SFX\pickaxe.wav">
      <Filter>Resources\SFX</Filter>
    </Media>
    <Media Include="SFX\star.wav">
      <Filter>Resources\SFX</Filter>
    </Media>
    <Media Include="SFX\sandfall.wav">
      <Filter>Resources\SFX</Filter>
    </Media>
    <Media Include="SFX\item.wav">
      <Filter>Resources\SFX</Filter>
    </Media>
    <Media Include="SFX\rotation.wav">
      <Filter>Resources\SFX</Filter>
    </Media>
    <Media Include="SFX\lock.wav">
      <Filter>Resources\SFX</Filter>
    </Media>
    <Media Include="SFX\gameover.wav">
      <Filter>Resources\SFX</Filter>
    </Media>
    <Media Include="SFX\combo.wav">
      <Filter>Resources\SFX</Filter>
    </Media>
  </ItemGroup>
</Project>